
Microsoft Visual Studio Solution File, Format Version 12.00
# Visual Studio Version 16
VisualStudioVersion = 16.0.30611.23
MinimumVisualStudioVersion = 10.0.40219.1
Project("{FAE04EC0-301F-11D3-BF4B-00C04F79EFBC}") = "Huffman", "Huffman\Huffman.csproj", "{0BA6B4E7-B022-4753-9D59-4774ADFC6CDD}"
EndProject
Global
	GlobalSection(SolutionConfigurationPlatforms) = preSolution
		Debug|Any CPU = Debug|Any CPU
		Release|Any CPU = Release|Any CPU
	EndGlobalSection
	GlobalSection(ProjectConfigurationPlatforms) = postSolution
		{0BA6B4E7-B022-4753-9D59-4774ADFC6CDD}.Debug|Any CPU.ActiveCfg = Debug|Any CPU
		{0BA6B4E7-B022-4753-9D59-4774ADFC6CDD}.Debug|Any CPU.Build.0 = Debug|Any CPU
		{0BA6B4E7-B022-4753-9D59-4774ADFC6CDD}.Release|Any CPU.ActiveCfg = Release|Any CPU
		{0BA6B4E7-B022-4753-9D59-4774ADFC6CDD}.Release|Any CPU.Build.0 = Release|Any CPU
	EndGlobalSection
	GlobalSection(SolutionProperties) = preSolution
		HideSolutionNode = FALSE
	EndGlobalSection
	GlobalSection(ExtensibilityGlobals) = postSolution
		SolutionGuid = {69AD2915-06AE-4533-BB98-B7CD20B715C6}
	EndGlobalSection
EndGlobal
